
Microsoft Visual Studio Solution File, Format Version 12.00
# Visual Studio 15
VisualStudioVersion = 15.0.28307.329
MinimumVisualStudioVersion = 10.0.40219.1
Project("{FAE04EC0-301F-11D3-BF4B-00C04F79EFBC}") = "VigenereCipher", "VigenereCipher\VigenereCipher.csproj", "{BB8CDD2B-BA74-4B2C-B9F5-23891CF8C35C}"
EndProject
Global
	GlobalSection(SolutionConfigurationPlatforms) = preSolution
		Debug|Any CPU = Debug|Any CPU
		Release|Any CPU = Release|Any CPU
	EndGlobalSection
	GlobalSection(ProjectConfigurationPlatforms) = postSolution
		{BB8CDD2B-BA74-4B2C-B9F5-23891CF8C35C}.Debug|Any CPU.ActiveCfg = Debug|Any CPU
		{BB8CDD2B-BA74-4B2C-B9F5-23891CF8C35C}.Debug|Any CPU.Build.0 = Debug|Any CPU
		{BB8CDD2B-BA74-4B2C-B9F5-23891CF8C35C}.Release|Any CPU.ActiveCfg = Release|Any CPU
		{BB8CDD2B-BA74-4B2C-B9F5-23891CF8C35C}.Release|Any CPU.Build.0 = Release|Any CPU
	EndGlobalSection
	GlobalSection(SolutionProperties) = preSolution
		HideSolutionNode = FALSE
	EndGlobalSection
	GlobalSection(ExtensibilityGlobals) = postSolution
		SolutionGuid = {8ED16632-FEEA-4D1F-A8F8-61F6EBE477AD}
	EndGlobalSection
EndGlobal
